
Microsoft Visual Studio Solution File, Format Version 12.00
# Visual Studio Version 17
VisualStudioVersion = 17.4.33213.308
MinimumVisualStudioVersion = 10.0.40219.1
Project("{9A19103F-16F7-4668-BE54-9A1E7A4F7556}") = "BookingIO", "BookingIO\BookingIO.csproj", "{A3848A69-EB3D-41B7-9906-F8EAA1134E79}"
EndProject
Global
	GlobalSection(SolutionConfigurationPlatforms) = preSolution
		Debug|Any CPU = Debug|Any CPU
		Release|Any CPU = Release|Any CPU
	EndGlobalSection
	GlobalSection(ProjectConfigurationPlatforms) = postSolution
		{A3848A69-EB3D-41B7-9906-F8EAA1134E79}.Debug|Any CPU.ActiveCfg = Debug|Any CPU
		{A3848A69-EB3D-41B7-9906-F8EAA1134E79}.Debug|Any CPU.Build.0 = Debug|Any CPU
		{A3848A69-EB3D-41B7-9906-F8EAA1134E79}.Release|Any CPU.ActiveCfg = Release|Any CPU
		{A3848A69-EB3D-41B7-9906-F8EAA1134E79}.Release|Any CPU.Build.0 = Release|Any CPU
	EndGlobalSection
	GlobalSection(SolutionProperties) = preSolution
		HideSolutionNode = FALSE
	EndGlobalSection
	GlobalSection(ExtensibilityGlobals) = postSolution
		SolutionGuid = {65BCD932-4C24-4486-B511-AD585B3D57FA}
	EndGlobalSection
EndGlobal
